Microsoft Visual Studio Solution File, Format Version 12.00
# Visual Studio Version 17
VisualStudioVersion = 17.5.2.0
MinimumVisualStudioVersion = 10.0.40219.1
Project("{FAE04EC0-301F-11D3-BF4B-00C04F79EFBC}") = "Mahjong", "Mahjong.csproj", "{37FA07F0-55D6-E648-C3A6-C64DFAC7EF5B}"
EndProject
Global
	GlobalSection(SolutionConfigurationPlatforms) = preSolution
		Debug|Any CPU = Debug|Any CPU
		Release|Any CPU = Release|Any CPU
	EndGlobalSection
	GlobalSection(ProjectConfigurationPlatforms) = postSolution
		{37FA07F0-55D6-E648-C3A6-C64DFAC7EF5B}.Debug|Any CPU.ActiveCfg = Debug|Any CPU
		{37FA07F0-55D6-E648-C3A6-C64DFAC7EF5B}.Debug|Any CPU.Build.0 = Debug|Any CPU
		{37FA07F0-55D6-E648-C3A6-C64DFAC7EF5B}.Release|Any CPU.ActiveCfg = Release|Any CPU
		{37FA07F0-55D6-E648-C3A6-C64DFAC7EF5B}.Release|Any CPU.Build.0 = Release|Any CPU
	EndGlobalSection
	GlobalSection(SolutionProperties) = preSolution
		HideSolutionNode = FALSE
	EndGlobalSection
	GlobalSection(ExtensibilityGlobals) = postSolution
		SolutionGuid = {E1488184-9AE9-4380-8231-C1EEE7301140}
	EndGlobalSection
EndGlobal
